
Microsoft Visual Studio Solution File, Format Version 12.00
# Visual Studio 15
VisualStudioVersion = 15.0.27130.2026
MinimumVisualStudioVersion = 10.0.40219.1
Project("{FAE04EC0-301F-11D3-BF4B-00C04F79EFBC}") = "Vektoraddition", "Vektoraddition\Vektoraddition.csproj", "{23951EE4-6411-4E00-806F-9A9143EA4F8C}"
EndProject
Global
	GlobalSection(SolutionConfigurationPlatforms) = preSolution
		Debug|Any CPU = Debug|Any CPU
		Release|Any CPU = Release|Any CPU
	EndGlobalSection
	GlobalSection(ProjectConfigurationPlatforms) = postSolution
		{23951EE4-6411-4E00-806F-9A9143EA4F8C}.Debug|Any CPU.ActiveCfg = Debug|Any CPU
		{23951EE4-6411-4E00-806F-9A9143EA4F8C}.Debug|Any CPU.Build.0 = Debug|Any CPU
		{23951EE4-6411-4E00-806F-9A9143EA4F8C}.Release|Any CPU.ActiveCfg = Release|Any CPU
		{23951EE4-6411-4E00-806F-9A9143EA4F8C}.Release|Any CPU.Build.0 = Release|Any CPU
	EndGlobalSection
	GlobalSection(SolutionProperties) = preSolution
		HideSolutionNode = FALSE
	EndGlobalSection
	GlobalSection(ExtensibilityGlobals) = postSolution
		SolutionGuid = {0D470540-DED4-45F6-87D8-D5D2A0288109}
	EndGlobalSection
EndGlobal
